
Microsoft Visual Studio Solution File, Format Version 12.00
# Visual Studio Version 17
VisualStudioVersion = 17.4.33122.133
MinimumVisualStudioVersion = 10.0.40219.1
Project("{FAE04EC0-301F-11D3-BF4B-00C04F79EFBC}") = "GitBranchAuditor", "GitBranchAuditor\GitBranchAuditor.csproj", "{D724AAA1-659D-4E8B-A577-D1406EE66277}"
EndProject
Global
	GlobalSection(SolutionConfigurationPlatforms) = preSolution
		Debug|Any CPU = Debug|Any CPU
		Release|Any CPU = Release|Any CPU
	EndGlobalSection
	GlobalSection(ProjectConfigurationPlatforms) = postSolution
		{D724AAA1-659D-4E8B-A577-D1406EE66277}.Debug|Any CPU.ActiveCfg = Debug|Any CPU
		{D724AAA1-659D-4E8B-A577-D1406EE66277}.Debug|Any CPU.Build.0 = Debug|Any CPU
		{D724AAA1-659D-4E8B-A577-D1406EE66277}.Release|Any CPU.ActiveCfg = Release|Any CPU
		{D724AAA1-659D-4E8B-A577-D1406EE66277}.Release|Any CPU.Build.0 = Release|Any CPU
	EndGlobalSection
	GlobalSection(SolutionProperties) = preSolution
		HideSolutionNode = FALSE
	EndGlobalSection
	GlobalSection(ExtensibilityGlobals) = postSolution
		SolutionGuid = {D01CFF4E-DD9E-44C3-8ADB-B39D143F964D}
	EndGlobalSection
EndGlobal
